
Microsoft Visual Studio Solution File, Format Version 12.00
# Visual Studio Version 16
VisualStudioVersion = 16.0.28407.52
MinimumVisualStudioVersion = 10.0.40219.1
Project("{9A19103F-16F7-4668-BE54-9A1E7A4F7556}") = "Microsoft.Xaml.Behaviors", "Microsoft.Xaml.Behaviors\Microsoft.Xaml.Behaviors.csproj", "{8620C598-B704-429E-BCA5-7E5DDE506923}"
EndProject
Project("{9A19103F-16F7-4668-BE54-9A1E7A4F7556}") = "UnitTests", "..\Test\UnitTests\UnitTests.csproj", "{76E3CE29-A9BC-4417-8224-CE18C6FE51B4}"
EndProject
Project("{2150E333-8FDC-42A3-9474-1A3956D46DE8}") = "Solution Items", "Solution Items", "{DFFF3108-79F3-4D4C-BB7E-991E7B1B26A6}"
	ProjectSection(SolutionItems) = preProject
		..\.editorconfig = ..\.editorconfig
		..\azure-pipelines.yml = ..\azure-pipelines.yml
		..\Directory.Build.props = ..\Directory.Build.props
		..\Directory.Build.targets = ..\Directory.Build.targets
		FinalPublicKey.snk = FinalPublicKey.snk
		tools\Install.ps1 = tools\Install.ps1
		Microsoft.Xaml.Behaviors.Signing.targets = Microsoft.Xaml.Behaviors.Signing.targets
		..\README.md = ..\README.md
		..\version.json = ..\version.json
	EndProjectSection
EndProject
Project("{FAE04EC0-301F-11D3-BF4B-00C04F79EFBC}") = "Microsoft.Xaml.Behaviors.DesignTools", "Microsoft.Xaml.Behaviors.DesignTools\Microsoft.Xaml.Behaviors.DesignTools.csproj", "{6C3F3432-D090-450B-822B-95B7C3CEF663}"
EndProject
Project("{FAE04EC0-301F-11D3-BF4B-00C04F79EFBC}") = "Microsoft.Xaml.Behaviors.Design", "Microsoft.Xaml.Behaviors.Design\Microsoft.Xaml.Behaviors.Design.csproj", "{6FBA03AC-D43F-447F-A087-404B9DB14952}"
EndProject
Global
	GlobalSection(SolutionConfigurationPlatforms) = preSolution
		Debug|Any CPU = Debug|Any CPU
		Release|Any CPU = Release|Any CPU
	EndGlobalSection
	GlobalSection(ProjectConfigurationPlatforms) = postSolution
		{8620C598-B704-429E-BCA5-7E5DDE506923}.Debug|Any CPU.ActiveCfg = Debug|Any CPU
		{8620C598-B704-429E-BCA5-7E5DDE506923}.Debug|Any CPU.Build.0 = Debug|Any CPU
		{8620C598-B704-429E-BCA5-7E5DDE506923}.Release|Any CPU.ActiveCfg = Release|Any CPU
		{8620C598-B704-429E-BCA5-7E5DDE506923}.Release|Any CPU.Build.0 = Release|Any CPU
		{76E3CE29-A9BC-4417-8224-CE18C6FE51B4}.Debug|Any CPU.ActiveCfg = Debug|Any CPU
		{76E3CE29-A9BC-4417-8224-CE18C6FE51B4}.Debug|Any CPU.Build.0 = Debug|Any CPU
		{76E3CE29-A9BC-4417-8224-CE18C6FE51B4}.Release|Any CPU.ActiveCfg = Release|Any CPU
		{76E3CE29-A9BC-4417-8224-CE18C6FE51B4}.Release|Any CPU.Build.0 = Release|Any CPU
		{6C3F3432-D090-450B-822B-95B7C3CEF663}.Debug|Any CPU.ActiveCfg = Debug|Any CPU
		{6C3F3432-D090-450B-822B-95B7C3CEF663}.Debug|Any CPU.Build.0 = Debug|Any CPU
		{6C3F3432-D090-450B-822B-95B7C3CEF663}.Release|Any CPU.ActiveCfg = Release|Any CPU
		{6C3F3432-D090-450B-822B-95B7C3CEF663}.Release|Any CPU.Build.0 = Release|Any CPU
		{6FBA03AC-D43F-447F-A087-404B9DB14952}.Debug|Any CPU.ActiveCfg = Debug|Any CPU
		{6FBA03AC-D43F-447F-A087-404B9DB14952}.Debug|Any CPU.Build.0 = Debug|Any CPU
		{6FBA03AC-D43F-447F-A087-404B9DB14952}.Release|Any CPU.ActiveCfg = Release|Any CPU
		{6FBA03AC-D43F-447F-A087-404B9DB14952}.Release|Any CPU.Build.0 = Release|Any CPU
	EndGlobalSection
	GlobalSection(SolutionProperties) = preSolution
		HideSolutionNode = FALSE
	EndGlobalSection
	GlobalSection(ExtensibilityGlobals) = postSolution
		SolutionGuid = {CE568162-14E0-4A06-892B-DB8C8452253F}
	EndGlobalSection
	GlobalSection(TestCaseManagementSettings) = postSolution
		CategoryFile = BlendSdk.vsmdi
	EndGlobalSection
EndGlobal
